
Microsoft Visual Studio Solution File, Format Version 12.00
# Visual Studio 15
VisualStudioVersion = 15.0.27130.2020
MinimumVisualStudioVersion = 10.0.40219.1
Project("{FAE04EC0-301F-11D3-BF4B-00C04F79EFBC}") = "HelloWorld", "HelloWorld\HelloWorld.csproj", "{FF48B102-62AC-49A5-8C3D-EEF50159B70B}"
EndProject
Global
	GlobalSection(SolutionConfigurationPlatforms) = preSolution
		Debug|Any CPU = Debug|Any CPU
		Release|Any CPU = Release|Any CPU
	EndGlobalSection
	GlobalSection(ProjectConfigurationPlatforms) = postSolution
		{FF48B102-62AC-49A5-8C3D-EEF50159B70B}.Debug|Any CPU.ActiveCfg = Debug|Any CPU
		{FF48B102-62AC-49A5-8C3D-EEF50159B70B}.Debug|Any CPU.Build.0 = Debug|Any CPU
		{FF48B102-62AC-49A5-8C3D-EEF50159B70B}.Release|Any CPU.ActiveCfg = Release|Any CPU
		{FF48B102-62AC-49A5-8C3D-EEF50159B70B}.Release|Any CPU.Build.0 = Release|Any CPU
	EndGlobalSection
	GlobalSection(SolutionProperties) = preSolution
		HideSolutionNode = FALSE
	EndGlobalSection
	GlobalSection(ExtensibilityGlobals) = postSolution
		SolutionGuid = {05AD972F-62EC-4294-8EF0-0F8470392C01}
	EndGlobalSection
EndGlobal
